schema: '2.0'
stages:
  prepare:
    cmd: python src/preprocessing.py 
      data/raw/WA_Fn-UseC_-Telco-Customer-Churn.csv data/prepared
    deps:
    - path: data/raw/WA_Fn-UseC_-Telco-Customer-Churn.csv
      hash: md5
      md5: 0f9de68e012bd3aed5fa7cdc9fc421af
      size: 977501
    - path: src/preprocessing.py
      hash: md5
      md5: 89c3238483187a2f7b4c81850ed5e012
      size: 1424
    outs:
    - path: data/prepared
      hash: md5
      md5: f00f608ce692966d7030ce0322ae7c9c.dir
      size: 1176265
      nfiles: 2
  train:
    cmd: python src/train.py data/prepared data/models
    deps:
    - path: data/prepared
      hash: md5
      md5: f00f608ce692966d7030ce0322ae7c9c.dir
      size: 1176265
      nfiles: 2
    - path: src/train.py
      hash: md5
      md5: 9c2e33c786aabf3f18b97513a295536d
      size: 4041
    outs:
    - path: data/models
      hash: md5
      md5: 6ca4fe30f363434519e398f9c3778831.dir
      size: 1899945
      nfiles: 3
