schema: '2.0'
stages:
  prepare:
    cmd: python src/preprocessing.py 
      data/raw/WA_Fn-UseC_-Telco-Customer-Churn.csv data/prepared
    deps:
    - path: data/raw/WA_Fn-UseC_-Telco-Customer-Churn.csv
      hash: md5
      md5: 0f9de68e012bd3aed5fa7cdc9fc421af
      size: 977501
      isexec: true
    - path: src/preprocessing.py
      hash: md5
      md5: bc0623af3f7fcada24d44e80f956520d
      size: 1425
    outs:
    - path: data/prepared
      hash: md5
      md5: f00f608ce692966d7030ce0322ae7c9c.dir
      size: 1176265
      nfiles: 2
  train:
    cmd: python src/train.py data/prepared data/models
    deps:
    - path: data/prepared
      hash: md5
      md5: f00f608ce692966d7030ce0322ae7c9c.dir
      size: 1176265
      nfiles: 2
    - path: src/train.py
      hash: md5
      md5: 8428e16f7e0b4d35546612f23e5cdd0f
      size: 4539
    outs:
    - path: data/models
      hash: md5
      md5: 1cc5144b24d88d1b050cb4eeccacc7e6.dir
      size: 1900103
      nfiles: 3
  optimize:
    cmd: python src/optimize.py
    deps:
    - path: data/prepared
      hash: md5
      md5: f00f608ce692966d7030ce0322ae7c9c.dir
      size: 1176265
      nfiles: 2
    - path: src/optimize.py
      hash: md5
      md5: 0ddade6d13ab6fe9fac6b5f9541d4e6a
      size: 2131
    outs:
    - path: models
      hash: md5
      md5: 944bd474bd486ab1922670a8f4bc2405.dir
      size: 10800185
      nfiles: 1
